{
  "pins" : [
    {
      "identity" : "swiftbackports",
      "kind" : "remoteSourceControl",
      "location" : "https://github.com/shaps80/SwiftBackports",
      "state" : {
        "revision" : "fafbeabf78b7e364abbbb7565cdfeee42af16211",
        "version" : "1.0.2"
      }
    },
    {
      "identity" : "swiftuibackports",
      "kind" : "remoteSourceControl",
      "location" : "https://github.com/shaps80/SwiftUIBackports",
      "state" : {
        "revision" : "4cf8f63c9bb14edfd882a8f82f520f801fc1c441",
        "version" : "2.7.0"
      }
    }
  ],
  "version" : 2
}
